
Microsoft Visual Studio Solution File, Format Version 12.00
# Visual Studio 15
VisualStudioVersion = 15.0.28307.136
MinimumVisualStudioVersion = 10.0.40219.1
Project("{FAE04EC0-301F-11D3-BF4B-00C04F79EFBC}") = "HalloLayout", "HalloLayout\HalloLayout.csproj", "{00DD0C31-1E20-4595-9A05-C2CF3BFF8B76}"
EndProject
Global
	GlobalSection(SolutionConfigurationPlatforms) = preSolution
		Debug|Any CPU = Debug|Any CPU
		Release|Any CPU = Release|Any CPU
	EndGlobalSection
	GlobalSection(ProjectConfigurationPlatforms) = postSolution
		{00DD0C31-1E20-4595-9A05-C2CF3BFF8B76}.Debug|Any CPU.ActiveCfg = Debug|Any CPU
		{00DD0C31-1E20-4595-9A05-C2CF3BFF8B76}.Debug|Any CPU.Build.0 = Debug|Any CPU
		{00DD0C31-1E20-4595-9A05-C2CF3BFF8B76}.Release|Any CPU.ActiveCfg = Release|Any CPU
		{00DD0C31-1E20-4595-9A05-C2CF3BFF8B76}.Release|Any CPU.Build.0 = Release|Any CPU
	EndGlobalSection
	GlobalSection(SolutionProperties) = preSolution
		HideSolutionNode = FALSE
	EndGlobalSection
	GlobalSection(ExtensibilityGlobals) = postSolution
		SolutionGuid = {2B35A8AA-AA3B-4A93-86A0-8CCA6C64BBC6}
	EndGlobalSection
EndGlobal
